
Microsoft Visual Studio Solution File, Format Version 12.00
# Visual Studio 2015
Project("{FAE04EC0-301F-11D3-BF4B-00C04F79EFBC}") = "BaiduVoiceTest", "BaiduVoiceTest.csproj", "{9CE6BB38-1589-C07C-7C9C-632F504F647F}"
EndProject
Global
	GlobalSection(SolutionConfigurationPlatforms) = preSolution
		Debug|Any CPU = Debug|Any CPU
		Release|Any CPU = Release|Any CPU
	EndGlobalSection
	GlobalSection(ProjectConfigurationPlatforms) = postSolution
		{9CE6BB38-1589-C07C-7C9C-632F504F647F}.Debug|Any CPU.ActiveCfg = Debug|Any CPU
		{9CE6BB38-1589-C07C-7C9C-632F504F647F}.Debug|Any CPU.Build.0 = Debug|Any CPU
		{9CE6BB38-1589-C07C-7C9C-632F504F647F}.Release|Any CPU.ActiveCfg = Release|Any CPU
		{9CE6BB38-1589-C07C-7C9C-632F504F647F}.Release|Any CPU.Build.0 = Release|Any CPU
	EndGlobalSection
	GlobalSection(SolutionProperties) = preSolution
		HideSolutionNode = FALSE
	EndGlobalSection
EndGlobal
